
Microsoft Visual Studio Solution File, Format Version 12.00
# Visual Studio 15
VisualStudioVersion = 15.0.27703.2018
MinimumVisualStudioVersion = 10.0.40219.1
Project("{9A19103F-16F7-4668-BE54-9A1E7A4F7556}") = "Itec.Logs", "..\Itec.Logs\Itec.Logs\Itec.Logs.csproj", "{2BFA6754-BB20-4BCB-BD79-0696F7522B69}"
EndProject
Project("{9A19103F-16F7-4668-BE54-9A1E7A4F7556}") = "Itec.Flows", "Itec.Flows\Itec.Flows.csproj", "{B28DE819-7533-4444-9B4D-FDA6390063A8}"
EndProject
Project("{2150E333-8FDC-42A3-9474-1A3956D46DE8}") = "Solution Items", "Solution Items", "{8072822C-DD3A-4192-A1BB-82F1849A0125}"
	ProjectSection(SolutionItems) = preProject
		..\Itec.Logs\.gitignore = ..\Itec.Logs\.gitignore
	EndProjectSection
EndProject
Global
	GlobalSection(SolutionConfigurationPlatforms) = preSolution
		Debug|Any CPU = Debug|Any CPU
		Release|Any CPU = Release|Any CPU
	EndGlobalSection
	GlobalSection(ProjectConfigurationPlatforms) = postSolution
		{2BFA6754-BB20-4BCB-BD79-0696F7522B69}.Debug|Any CPU.ActiveCfg = Debug|Any CPU
		{2BFA6754-BB20-4BCB-BD79-0696F7522B69}.Debug|Any CPU.Build.0 = Debug|Any CPU
		{2BFA6754-BB20-4BCB-BD79-0696F7522B69}.Release|Any CPU.ActiveCfg = Release|Any CPU
		{2BFA6754-BB20-4BCB-BD79-0696F7522B69}.Release|Any CPU.Build.0 = Release|Any CPU
		{B28DE819-7533-4444-9B4D-FDA6390063A8}.Debug|Any CPU.ActiveCfg = Debug|Any CPU
		{B28DE819-7533-4444-9B4D-FDA6390063A8}.Debug|Any CPU.Build.0 = Debug|Any CPU
		{B28DE819-7533-4444-9B4D-FDA6390063A8}.Release|Any CPU.ActiveCfg = Release|Any CPU
		{B28DE819-7533-4444-9B4D-FDA6390063A8}.Release|Any CPU.Build.0 = Release|Any CPU
	EndGlobalSection
	GlobalSection(SolutionProperties) = preSolution
		HideSolutionNode = FALSE
	EndGlobalSection
	GlobalSection(ExtensibilityGlobals) = postSolution
		SolutionGuid = {28E7E08F-D359-4DE9-AD2A-7AC47C0E807E}
	EndGlobalSection
EndGlobal
